
Microsoft Visual Studio Solution File, Format Version 12.00
# Visual Studio Version 17
VisualStudioVersion = 17.5.33424.131
MinimumVisualStudioVersion = 10.0.40219.1
Project("{8BC9CEB8-8B4A-11D0-8D11-00A0C91BC942}") = "L3_Simplu", "L3_Simplu\L3_Simplu.vcxproj", "{BA0F9E58-7EB5-44C5-9089-AA57883BBF5D}"
EndProject
Global
	GlobalSection(SolutionConfigurationPlatforms) = preSolution
		Debug|x64 = Debug|x64
		Debug|x86 = Debug|x86
		Release|x64 = Release|x64
		Release|x86 = Release|x86
	EndGlobalSection
	GlobalSection(ProjectConfigurationPlatforms) = postSolution
		{BA0F9E58-7EB5-44C5-9089-AA57883BBF5D}.Debug|x64.ActiveCfg = Debug|x64
		{BA0F9E58-7EB5-44C5-9089-AA57883BBF5D}.Debug|x64.Build.0 = Debug|x64
		{BA0F9E58-7EB5-44C5-9089-AA57883BBF5D}.Debug|x86.ActiveCfg = Debug|Win32
		{BA0F9E58-7EB5-44C5-9089-AA57883BBF5D}.Debug|x86.Build.0 = Debug|Win32
		{BA0F9E58-7EB5-44C5-9089-AA57883BBF5D}.Release|x64.ActiveCfg = Release|x64
		{BA0F9E58-7EB5-44C5-9089-AA57883BBF5D}.Release|x64.Build.0 = Release|x64
		{BA0F9E58-7EB5-44C5-9089-AA57883BBF5D}.Release|x86.ActiveCfg = Release|Win32
		{BA0F9E58-7EB5-44C5-9089-AA57883BBF5D}.Release|x86.Build.0 = Release|Win32
	EndGlobalSection
	GlobalSection(SolutionProperties) = preSolution
		HideSolutionNode = FALSE
	EndGlobalSection
	GlobalSection(ExtensibilityGlobals) = postSolution
		SolutionGuid = {0568DBF0-FCC4-4350-955B-CA78208E4EF6}
	EndGlobalSection
EndGlobal
